{
  "name": "NodeJs-Course",
  "lockfileVersion": 3,
  "requires": true,
  "packages": {
    "": {
      "dependencies": {
        "queclink-parser": "^1.9.17"
      }
    },
    "node_modules/queclink-parser": {
      "version": "1.9.17",
      "resolved": "https://registry.npmjs.org/queclink-parser/-/queclink-parser-1.9.17.tgz",
      "integrity": "sha512-3Lxr9jg+znSbhFl/0fhTv8QSlie5bYRrZh1oWp2g908qzm3sDHYg2q/PsX0Xi3owF0TaMl0yg0QD7ZCCn3nT+w==",
      "license": "MIT",
      "engines": {
        "node": ">=8"
      }
    }
  }
}
